# This file is automatically @generated by Cargo.
# It is not intended for manual editing.
version = 3

[[package]]
name = "cc"
version = "1.0.73"
source = "registry+https://github.com/rust-lang/crates.io-index"
checksum = "2fff2a6927b3bb87f9595d67196a70493f627687a71d87a0d692242c33f58c11"

[[package]]
name = "either"
version = "1.6.1"
source = "registry+https://github.com/rust-lang/crates.io-index"
checksum = "e78d4f1cc4ae33bbfc157ed5d5a5ef3bc29227303d595861deb238fcec4e9457"

[[package]]
name = "itertools"
version = "0.10.3"
source = "registry+https://github.com/rust-lang/crates.io-index"
checksum = "a9a9d19fa1e79b6215ff29b9d6880b706147f16e9b1dbb1e4e5947b5b02bc5e3"
dependencies = [
 "either",
]

[[package]]
name = "mutex-bench"
version = "0.1.0"
dependencies = [
 "itertools",
 "tsc",
]

[[package]]
name = "tsc"
version = "0.1.0"
source = "registry+https://github.com/rust-lang/crates.io-index"
checksum = "530441b778cf16a3b084eaf4c7fa78392872eb5576dfb10c7e00830a9a25aa47"
dependencies = [
 "cc",
]
